
Microsoft Visual Studio Solution File, Format Version 12.00
# Visual Studio Version 17
VisualStudioVersion = 17.7.34024.191
MinimumVisualStudioVersion = 10.0.40219.1
Project("{FAE04EC0-301F-11D3-BF4B-00C04F79EFBC}") = "GenericRepoPractice", "GenericRepoPractice\GenericRepoPractice.csproj", "{3574FF75-F035-4F2C-BC50-9B157B1FC699}"
EndProject
Project("{FAE04EC0-301F-11D3-BF4B-00C04F79EFBC}") = "GenericRepoPractice.Domain", "GenericRepoPractice.Domain\GenericRepoPractice.Domain.csproj", "{A54F4013-AE0F-4066-A31D-B2B2CE8D0C71}"
EndProject
Project("{FAE04EC0-301F-11D3-BF4B-00C04F79EFBC}") = "GenericRepositoryPractice.DataAccessLayer", "GenericRepositoryPractice.DataAccessLayer\GenericRepositoryPractice.DataAccessLayer.csproj", "{61586D25-0E96-481E-9913-3F054EC7299B}"
EndProject
Global
	GlobalSection(SolutionConfigurationPlatforms) = preSolution
		Debug|Any CPU = Debug|Any CPU
		Release|Any CPU = Release|Any CPU
	EndGlobalSection
	GlobalSection(ProjectConfigurationPlatforms) = postSolution
		{3574FF75-F035-4F2C-BC50-9B157B1FC699}.Debug|Any CPU.ActiveCfg = Debug|Any CPU
		{3574FF75-F035-4F2C-BC50-9B157B1FC699}.Debug|Any CPU.Build.0 = Debug|Any CPU
		{3574FF75-F035-4F2C-BC50-9B157B1FC699}.Release|Any CPU.ActiveCfg = Release|Any CPU
		{3574FF75-F035-4F2C-BC50-9B157B1FC699}.Release|Any CPU.Build.0 = Release|Any CPU
		{A54F4013-AE0F-4066-A31D-B2B2CE8D0C71}.Debug|Any CPU.ActiveCfg = Debug|Any CPU
		{A54F4013-AE0F-4066-A31D-B2B2CE8D0C71}.Debug|Any CPU.Build.0 = Debug|Any CPU
		{A54F4013-AE0F-4066-A31D-B2B2CE8D0C71}.Release|Any CPU.ActiveCfg = Release|Any CPU
		{A54F4013-AE0F-4066-A31D-B2B2CE8D0C71}.Release|Any CPU.Build.0 = Release|Any CPU
		{61586D25-0E96-481E-9913-3F054EC7299B}.Debug|Any CPU.ActiveCfg = Debug|Any CPU
		{61586D25-0E96-481E-9913-3F054EC7299B}.Debug|Any CPU.Build.0 = Debug|Any CPU
		{61586D25-0E96-481E-9913-3F054EC7299B}.Release|Any CPU.ActiveCfg = Release|Any CPU
		{61586D25-0E96-481E-9913-3F054EC7299B}.Release|Any CPU.Build.0 = Release|Any CPU
	EndGlobalSection
	GlobalSection(SolutionProperties) = preSolution
		HideSolutionNode = FALSE
	EndGlobalSection
	GlobalSection(ExtensibilityGlobals) = postSolution
		SolutionGuid = {D866727F-4275-4FD7-9A4A-A46A82A2A40C}
	EndGlobalSection
EndGlobal
